
Microsoft Visual Studio Solution File, Format Version 12.00
# Visual Studio Version 17
VisualStudioVersion = 17.0.31717.71
MinimumVisualStudioVersion = 10.0.40219.1
Project("{9A19103F-16F7-4668-BE54-9A1E7A4F7556}") = "WordleHelper", "WordleHelper.csproj", "{FCBE935A-70D4-4756-ACCC-68BC24944EB9}"
EndProject
Global
	GlobalSection(SolutionConfigurationPlatforms) = preSolution
		Debug|Any CPU = Debug|Any CPU
		Release|Any CPU = Release|Any CPU
	EndGlobalSection
	GlobalSection(ProjectConfigurationPlatforms) = postSolution
		{FCBE935A-70D4-4756-ACCC-68BC24944EB9}.Debug|Any CPU.ActiveCfg = Debug|Any CPU
		{FCBE935A-70D4-4756-ACCC-68BC24944EB9}.Debug|Any CPU.Build.0 = Debug|Any CPU
		{FCBE935A-70D4-4756-ACCC-68BC24944EB9}.Release|Any CPU.ActiveCfg = Release|Any CPU
		{FCBE935A-70D4-4756-ACCC-68BC24944EB9}.Release|Any CPU.Build.0 = Release|Any CPU
	EndGlobalSection
	GlobalSection(SolutionProperties) = preSolution
		HideSolutionNode = FALSE
	EndGlobalSection
	GlobalSection(ExtensibilityGlobals) = postSolution
		SolutionGuid = {0B996CEC-8072-4150-8281-0E0704BB913D}
	EndGlobalSection
EndGlobal